
Microsoft Visual Studio Solution File, Format Version 12.00
Project("{FAE04EC0-301F-11D3-BF4B-00C04F79EFBC}") = "CakeBuild", "ToE-Classes\CakeBuild\CakeBuild.csproj", "{FCEB9259-C6F2-4C66-9F7A-9ECEF0FD26D4}"
EndProject
Project("{FAE04EC0-301F-11D3-BF4B-00C04F79EFBC}") = "ToEClasses", "ToE-Classes\ToEClasses\ToEClasses.csproj", "{D90663C2-F000-448E-B933-19A0DFA691F0}"
EndProject
Global
	GlobalSection(SolutionConfigurationPlatforms) = preSolution
		Debug|Any CPU = Debug|Any CPU
		Release|Any CPU = Release|Any CPU
	EndGlobalSection
	GlobalSection(ProjectConfigurationPlatforms) = postSolution
		{FCEB9259-C6F2-4C66-9F7A-9ECEF0FD26D4}.Debug|Any CPU.ActiveCfg = Debug|Any CPU
		{FCEB9259-C6F2-4C66-9F7A-9ECEF0FD26D4}.Debug|Any CPU.Build.0 = Debug|Any CPU
		{FCEB9259-C6F2-4C66-9F7A-9ECEF0FD26D4}.Release|Any CPU.ActiveCfg = Release|Any CPU
		{FCEB9259-C6F2-4C66-9F7A-9ECEF0FD26D4}.Release|Any CPU.Build.0 = Release|Any CPU
		{D90663C2-F000-448E-B933-19A0DFA691F0}.Debug|Any CPU.ActiveCfg = Debug|Any CPU
		{D90663C2-F000-448E-B933-19A0DFA691F0}.Debug|Any CPU.Build.0 = Debug|Any CPU
		{D90663C2-F000-448E-B933-19A0DFA691F0}.Release|Any CPU.ActiveCfg = Release|Any CPU
		{D90663C2-F000-448E-B933-19A0DFA691F0}.Release|Any CPU.Build.0 = Release|Any CPU
	EndGlobalSection
EndGlobal
